
Microsoft Visual Studio Solution File, Format Version 12.00
# Visual Studio 15
VisualStudioVersion = 15.0.28307.168
MinimumVisualStudioVersion = 10.0.40219.1
Project("{FAE04EC0-301F-11D3-BF4B-00C04F79EFBC}") = "Collection", "Collection\Collection.csproj", "{7F64F2EE-C89B-461A-9661-1B175081CD9C}"
EndProject
Global
	GlobalSection(SolutionConfigurationPlatforms) = preSolution
		Debug|Any CPU = Debug|Any CPU
		Release|Any CPU = Release|Any CPU
	EndGlobalSection
	GlobalSection(ProjectConfigurationPlatforms) = postSolution
		{7F64F2EE-C89B-461A-9661-1B175081CD9C}.Debug|Any CPU.ActiveCfg = Debug|Any CPU
		{7F64F2EE-C89B-461A-9661-1B175081CD9C}.Debug|Any CPU.Build.0 = Debug|Any CPU
		{7F64F2EE-C89B-461A-9661-1B175081CD9C}.Release|Any CPU.ActiveCfg = Release|Any CPU
		{7F64F2EE-C89B-461A-9661-1B175081CD9C}.Release|Any CPU.Build.0 = Release|Any CPU
	EndGlobalSection
	GlobalSection(SolutionProperties) = preSolution
		HideSolutionNode = FALSE
	EndGlobalSection
	GlobalSection(ExtensibilityGlobals) = postSolution
		SolutionGuid = {2AB30662-FA36-4E11-B1EA-7615A789D4FA}
	EndGlobalSection
EndGlobal
